[[package]]
name = "aiofile"
version = "3.8.1"
description = "Asynchronous file operations."
category = "main"
optional = false
python-versions = ">=3.7, <4"

[package.dependencies]
caio = ">=0.9.0,<0.10.0"

[package.extras]
develop = ["aiomisc", "pytest", "pytest-cov"]

[[package]]
name = "aiopath"
version = "0.6.10"
description = "📁 Async pathlib for Python"
category = "main"
optional = false
python-versions = ">=3.10"

[package.dependencies]
aiofile = ">=3.5.0,<4"
anyio = ">=3.2.0,<4"

[[package]]
name = "anyio"
version = "3.6.1"
description = "High level compatibility layer for multiple asynchronous event loop implementations"
category = "main"
optional = false
python-versions = ">=3.6.2"

[package.dependencies]
idna = ">=2.8"
sniffio = ">=1.1"

[package.extras]
trio = ["trio (>=0.16)"]
test = ["uvloop (>=0.15)", "mock (>=4)", "uvloop (<0.15)", "contextlib2", "trustme", "pytest-mock (>=3.6.1)", "pytest (>=7.0)", "hypothesis (>=4.0)", "coverage[toml] (>=4.5)"]
doc = ["sphinx-autodoc-typehints (>=1.2.0)", "sphinx-rtd-theme", "packaging"]

[[package]]
name = "caio"
version = "0.9.7"
description = "Asynchronous file IO for Linux MacOS or Windows."
category = "main"
optional = false
python-versions = ">=3.5, <4"

[package.extras]
develop = ["aiomisc", "pytest", "pytest-cov"]

[[package]]
name = "idna"
version = "3.3"
description = "Internationalized Domain Names in Applications (IDNA)"
category = "main"
optional = false
python-versions = ">=3.5"

[[package]]
name = "sniffio"
version = "1.2.0"
description = "Sniff out which async library your code is running under"
category = "main"
optional = false
python-versions = ">=3.5"

[metadata]
lock-version = "1.1"
python-versions = "^3.10"
content-hash = "3c3d279607d7ac16d7c21248430a89e0ba164ec5fbe6393c8c2971eeb4e3ed7d"

[metadata.files]
aiofile = [
    {file = "aiofile-3.8.1.tar.gz", hash = "sha256:1623b98d88fbd16bbd2808d010de4e185a700e950ed3f17455dd851aa2455f40"},
]
aiopath = [
    {file = "aiopath-0.6.10-py2.py3-none-any.whl", hash = "sha256:44a5376de098b4875eefa4b4599f5ac99fd9451b88c314f237716571e16ccce2"},
    {file = "aiopath-0.6.10.tar.gz", hash = "sha256:6ca97a864fe32478d53af6c40e1951de64ab01d6b402d88524ce72d80362eb7a"},
]
anyio = [
    {file = "anyio-3.6.1-py3-none-any.whl", hash = "sha256:cb29b9c70620506a9a8f87a309591713446953302d7d995344d0d7c6c0c9a7be"},
    {file = "anyio-3.6.1.tar.gz", hash = "sha256:413adf95f93886e442aea925f3ee43baa5a765a64a0f52c6081894f9992fdd0b"},
]
caio = [
    {file = "caio-0.9.7-cp310-cp310-macosx_10_15_x86_64.whl", hash = "sha256:e34186b9e32a8f25bf27c1ec7fd8a23fa711f0fc3542bdb6e8d6074fd3afcebe"},
    {file = "caio-0.9.7-cp310-cp310-manylinux_2_12_x86_64.manylinux2010_x86_64.whl", hash = "sha256:463e0b795699de78ea853899574eb1e62670522f0792ff5a7f435771f40566a9"},
    {file = "caio-0.9.7-cp37-cp37m-macosx_10_15_x86_64.whl", hash = "sha256:a2b83f34a7902206c978b61340e412209fcf8b9cec8953c48ffda9b71cf247ea"},
    {file = "caio-0.9.7-cp37-cp37m-manylinux_2_12_x86_64.manylinux2010_x86_64.whl", hash = "sha256:7508ddc6addd6c959577a66914d4de139bee0682316ebc63a1a5de9c91ca3176"},
    {file = "caio-0.9.7-cp38-cp38-macosx_10_15_x86_64.whl", hash = "sha256:7833a76d75a5f63c705df00b8d3af1fd55ce0fe369939d1d754c617956ad20ab"},
    {file = "caio-0.9.7-cp38-cp38-manylinux_2_12_x86_64.manylinux2010_x86_64.whl", hash = "sha256:e72861f7f484d55acd52e169feba9efd7c3a82596a91e0c1ee34076492596e3d"},
    {file = "caio-0.9.7-cp39-cp39-macosx_10_15_x86_64.whl", hash = "sha256:a7f3e1bde5fdcb3bdd9b1faa0dc9d7fec097901af0455f8df2af008a74fde033"},
    {file = "caio-0.9.7-cp39-cp39-manylinux_2_12_x86_64.manylinux2010_x86_64.whl", hash = "sha256:3d52c088f9948b976648bbd80725bc6f0c2fc6df2ed8e86a1e6795398b022525"},
    {file = "caio-0.9.7-py3-none-any.whl", hash = "sha256:0e03c98e3fc8266a335dee4e59f5cd819ea40438978cb03a71f4d9123d2e42ea"},
    {file = "caio-0.9.7.tar.gz", hash = "sha256:0e8e7e7a00a7fa14a9bf1ecdd59b9c598e957386ee73574533a96532aad7b721"},
]
idna = [
    {file = "idna-3.3-py3-none-any.whl", hash = "sha256:84d9dd047ffa80596e0f246e2eab0b391788b0503584e8945f2368256d2735ff"},
    {file = "idna-3.3.tar.gz", hash = "sha256:9d643ff0a55b762d5cdb124b8eaa99c66322e2157b69160bc32796e824360e6d"},
]
sniffio = [
    {file = "sniffio-1.2.0-py3-none-any.whl", hash = "sha256:471b71698eac1c2112a40ce2752bb2f4a4814c22a54a3eed3676bc0f5ca9f663"},
    {file = "sniffio-1.2.0.tar.gz", hash = "sha256:c4666eecec1d3f50960c6bdf61ab7bc350648da6c126e3cf6898d8cd4ddcd3de"},
]
